
Microsoft Visual Studio Solution File, Format Version 12.00
# Visual Studio Version 16
VisualStudioVersion = 16.0.30413.136
MinimumVisualStudioVersion = 10.0.40219.1
Project("{FAE04EC0-301F-11D3-BF4B-00C04F79EFBC}") = "PacMan", "PacMan\PacMan.csproj", "{3B81BDCF-F4E7-4FFC-ADED-78833FB3AABF}"
EndProject
Global
	GlobalSection(SolutionConfigurationPlatforms) = preSolution
		Debug|Any CPU = Debug|Any CPU
		Release|Any CPU = Release|Any CPU
	EndGlobalSection
	GlobalSection(ProjectConfigurationPlatforms) = postSolution
		{3B81BDCF-F4E7-4FFC-ADED-78833FB3AABF}.Debug|Any CPU.ActiveCfg = Debug|Any CPU
		{3B81BDCF-F4E7-4FFC-ADED-78833FB3AABF}.Debug|Any CPU.Build.0 = Debug|Any CPU
		{3B81BDCF-F4E7-4FFC-ADED-78833FB3AABF}.Release|Any CPU.ActiveCfg = Release|Any CPU
		{3B81BDCF-F4E7-4FFC-ADED-78833FB3AABF}.Release|Any CPU.Build.0 = Release|Any CPU
	EndGlobalSection
	GlobalSection(SolutionProperties) = preSolution
		HideSolutionNode = FALSE
	EndGlobalSection
	GlobalSection(ExtensibilityGlobals) = postSolution
		SolutionGuid = {87AA4F89-8633-47BD-A87E-FA769CEC0DD8}
	EndGlobalSection
EndGlobal
